
Microsoft Visual Studio Solution File, Format Version 12.00
# Visual Studio Version 17
VisualStudioVersion = 17.8.34330.188
MinimumVisualStudioVersion = 10.0.40219.1
Project("{FAE04EC0-301F-11D3-BF4B-00C04F79EFBC}") = "PartialViewSample", "PartialViewSample.csproj", "{7D92ABB7-BE5A-4EEF-BD9B-7872EEC8890F}"
EndProject
Global
	GlobalSection(SolutionConfigurationPlatforms) = preSolution
		Debug|Any CPU = Debug|Any CPU
		Release|Any CPU = Release|Any CPU
	EndGlobalSection
	GlobalSection(ProjectConfigurationPlatforms) = postSolution
		{7D92ABB7-BE5A-4EEF-BD9B-7872EEC8890F}.Debug|Any CPU.ActiveCfg = Debug|Any CPU
		{7D92ABB7-BE5A-4EEF-BD9B-7872EEC8890F}.Debug|Any CPU.Build.0 = Debug|Any CPU
		{7D92ABB7-BE5A-4EEF-BD9B-7872EEC8890F}.Release|Any CPU.ActiveCfg = Release|Any CPU
		{7D92ABB7-BE5A-4EEF-BD9B-7872EEC8890F}.Release|Any CPU.Build.0 = Release|Any CPU
	EndGlobalSection
	GlobalSection(SolutionProperties) = preSolution
		HideSolutionNode = FALSE
	EndGlobalSection
	GlobalSection(ExtensibilityGlobals) = postSolution
		SolutionGuid = {C5CA8465-6BFE-4AD4-920B-1E655A0A9927}
	EndGlobalSection
EndGlobal
