
Microsoft Visual Studio Solution File, Format Version 12.00
# Visual Studio Version 17
VisualStudioVersion = 17.10.34916.146
MinimumVisualStudioVersion = 10.0.40219.1
Project("{FAE04EC0-301F-11D3-BF4B-00C04F79EFBC}") = "WebApiSample", "WebApiSample\WebApiSample.csproj", "{ADD3102E-8FFE-4B36-8CEB-E8FAD90C5571}"
EndProject
Global
	GlobalSection(SolutionConfigurationPlatforms) = preSolution
		Debug|Any CPU = Debug|Any CPU
		Release|Any CPU = Release|Any CPU
	EndGlobalSection
	GlobalSection(ProjectConfigurationPlatforms) = postSolution
		{ADD3102E-8FFE-4B36-8CEB-E8FAD90C5571}.Debug|Any CPU.ActiveCfg = Debug|Any CPU
		{ADD3102E-8FFE-4B36-8CEB-E8FAD90C5571}.Debug|Any CPU.Build.0 = Debug|Any CPU
		{ADD3102E-8FFE-4B36-8CEB-E8FAD90C5571}.Release|Any CPU.ActiveCfg = Release|Any CPU
		{ADD3102E-8FFE-4B36-8CEB-E8FAD90C5571}.Release|Any CPU.Build.0 = Release|Any CPU
	EndGlobalSection
	GlobalSection(SolutionProperties) = preSolution
		HideSolutionNode = FALSE
	EndGlobalSection
	GlobalSection(ExtensibilityGlobals) = postSolution
		SolutionGuid = {8EDF301D-98B5-4110-A1E6-8F89E56945D0}
	EndGlobalSection
EndGlobal
