
Microsoft Visual Studio Solution File, Format Version 12.00
# Visual Studio Version 17
VisualStudioVersion = 17.8.34330.188
MinimumVisualStudioVersion = 10.0.40219.1
Project("{FAE04EC0-301F-11D3-BF4B-00C04F79EFBC}") = "ViewModelApplication", "ViewModelApplication.csproj", "{C19A3747-4E87-48D9-9E57-E2C0329BB7EC}"
EndProject
Global
	GlobalSection(SolutionConfigurationPlatforms) = preSolution
		Debug|Any CPU = Debug|Any CPU
		Release|Any CPU = Release|Any CPU
	EndGlobalSection
	GlobalSection(ProjectConfigurationPlatforms) = postSolution
		{C19A3747-4E87-48D9-9E57-E2C0329BB7EC}.Debug|Any CPU.ActiveCfg = Debug|Any CPU
		{C19A3747-4E87-48D9-9E57-E2C0329BB7EC}.Debug|Any CPU.Build.0 = Debug|Any CPU
		{C19A3747-4E87-48D9-9E57-E2C0329BB7EC}.Release|Any CPU.ActiveCfg = Release|Any CPU
		{C19A3747-4E87-48D9-9E57-E2C0329BB7EC}.Release|Any CPU.Build.0 = Release|Any CPU
	EndGlobalSection
	GlobalSection(SolutionProperties) = preSolution
		HideSolutionNode = FALSE
	EndGlobalSection
	GlobalSection(ExtensibilityGlobals) = postSolution
		SolutionGuid = {531BBADB-9ED2-439E-8264-E726D94D37FB}
	EndGlobalSection
EndGlobal
