
Microsoft Visual Studio Solution File, Format Version 12.00
# Visual Studio Version 17
VisualStudioVersion = 17.10.34916.146
MinimumVisualStudioVersion = 10.0.40219.1
Project("{FAE04EC0-301F-11D3-BF4B-00C04F79EFBC}") = "DBFirstSample", "DBFirstSample\DBFirstSample.csproj", "{0FAD4124-B28F-4448-85AB-8C7EE38F6E98}"
EndProject
Project("{FAE04EC0-301F-11D3-BF4B-00C04F79EFBC}") = "ModelFirst", "ModelFirst\ModelFirst.csproj", "{9CA946AC-922B-4647-82EE-50425F355957}"
EndProject
Project("{FAE04EC0-301F-11D3-BF4B-00C04F79EFBC}") = "DBFirstCoreSample", "DBFirstCoreSample\DBFirstCoreSample.csproj", "{B35FDAE5-47CD-4712-8F84-F88A49980628}"
EndProject
Global
	GlobalSection(SolutionConfigurationPlatforms) = preSolution
		Debug|Any CPU = Debug|Any CPU
		Release|Any CPU = Release|Any CPU
	EndGlobalSection
	GlobalSection(ProjectConfigurationPlatforms) = postSolution
		{0FAD4124-B28F-4448-85AB-8C7EE38F6E98}.Debug|Any CPU.ActiveCfg = Debug|Any CPU
		{0FAD4124-B28F-4448-85AB-8C7EE38F6E98}.Debug|Any CPU.Build.0 = Debug|Any CPU
		{0FAD4124-B28F-4448-85AB-8C7EE38F6E98}.Release|Any CPU.ActiveCfg = Release|Any CPU
		{0FAD4124-B28F-4448-85AB-8C7EE38F6E98}.Release|Any CPU.Build.0 = Release|Any CPU
		{9CA946AC-922B-4647-82EE-50425F355957}.Debug|Any CPU.ActiveCfg = Debug|Any CPU
		{9CA946AC-922B-4647-82EE-50425F355957}.Debug|Any CPU.Build.0 = Debug|Any CPU
		{9CA946AC-922B-4647-82EE-50425F355957}.Release|Any CPU.ActiveCfg = Release|Any CPU
		{9CA946AC-922B-4647-82EE-50425F355957}.Release|Any CPU.Build.0 = Release|Any CPU
		{B35FDAE5-47CD-4712-8F84-F88A49980628}.Debug|Any CPU.ActiveCfg = Debug|Any CPU
		{B35FDAE5-47CD-4712-8F84-F88A49980628}.Debug|Any CPU.Build.0 = Debug|Any CPU
		{B35FDAE5-47CD-4712-8F84-F88A49980628}.Release|Any CPU.ActiveCfg = Release|Any CPU
		{B35FDAE5-47CD-4712-8F84-F88A49980628}.Release|Any CPU.Build.0 = Release|Any CPU
	EndGlobalSection
	GlobalSection(SolutionProperties) = preSolution
		HideSolutionNode = FALSE
	EndGlobalSection
	GlobalSection(ExtensibilityGlobals) = postSolution
		SolutionGuid = {3DC385A7-DD93-4F23-9E18-599036F972F6}
	EndGlobalSection
EndGlobal
