
Microsoft Visual Studio Solution File, Format Version 12.00
# Visual Studio Version 17
VisualStudioVersion = 17.8.34330.188
MinimumVisualStudioVersion = 10.0.40219.1
Project("{FAE04EC0-301F-11D3-BF4B-00C04F79EFBC}") = "IdentityManagement", "IdentityManagement.csproj", "{AF46FA47-6C42-4D98-8588-19834E0E3213}"
EndProject
Global
	GlobalSection(SolutionConfigurationPlatforms) = preSolution
		Debug|Any CPU = Debug|Any CPU
		Release|Any CPU = Release|Any CPU
	EndGlobalSection
	GlobalSection(ProjectConfigurationPlatforms) = postSolution
		{AF46FA47-6C42-4D98-8588-19834E0E3213}.Debug|Any CPU.ActiveCfg = Debug|Any CPU
		{AF46FA47-6C42-4D98-8588-19834E0E3213}.Debug|Any CPU.Build.0 = Debug|Any CPU
		{AF46FA47-6C42-4D98-8588-19834E0E3213}.Release|Any CPU.ActiveCfg = Release|Any CPU
		{AF46FA47-6C42-4D98-8588-19834E0E3213}.Release|Any CPU.Build.0 = Release|Any CPU
	EndGlobalSection
	GlobalSection(SolutionProperties) = preSolution
		HideSolutionNode = FALSE
	EndGlobalSection
	GlobalSection(ExtensibilityGlobals) = postSolution
		SolutionGuid = {AD6F66BE-30A5-4002-BEB0-4725AC96F92F}
	EndGlobalSection
EndGlobal
