
Microsoft Visual Studio Solution File, Format Version 12.00
# Visual Studio Version 17
VisualStudioVersion = 17.8.34330.188
MinimumVisualStudioVersion = 10.0.40219.1
Project("{FAE04EC0-301F-11D3-BF4B-00C04F79EFBC}") = "StateManagement", "StateManagement.csproj", "{FE2544C5-47C2-46AB-90A8-62C965B62784}"
EndProject
Global
	GlobalSection(SolutionConfigurationPlatforms) = preSolution
		Debug|Any CPU = Debug|Any CPU
		Release|Any CPU = Release|Any CPU
	EndGlobalSection
	GlobalSection(ProjectConfigurationPlatforms) = postSolution
		{FE2544C5-47C2-46AB-90A8-62C965B62784}.Debug|Any CPU.ActiveCfg = Debug|Any CPU
		{FE2544C5-47C2-46AB-90A8-62C965B62784}.Debug|Any CPU.Build.0 = Debug|Any CPU
		{FE2544C5-47C2-46AB-90A8-62C965B62784}.Release|Any CPU.ActiveCfg = Release|Any CPU
		{FE2544C5-47C2-46AB-90A8-62C965B62784}.Release|Any CPU.Build.0 = Release|Any CPU
	EndGlobalSection
	GlobalSection(SolutionProperties) = preSolution
		HideSolutionNode = FALSE
	EndGlobalSection
	GlobalSection(ExtensibilityGlobals) = postSolution
		SolutionGuid = {9A0CACDC-F6BD-4A38-82B3-26A853A11197}
	EndGlobalSection
EndGlobal
